
Microsoft Visual Studio Solution File, Format Version 12.00
# Visual Studio Version 17
VisualStudioVersion = 17.2.32616.157
MinimumVisualStudioVersion = 10.0.40219.1
Project("{8BC9CEB8-8B4A-11D0-8D11-00A0C91BC942}") = "Taichu_2", "Taichu_2\Taichu_2.vcxproj", "{843EC2D0-133C-4D08-AFDC-A4EC8A5F5F37}"
EndProject
Global
	GlobalSection(SolutionConfigurationPlatforms) = preSolution
		Debug|x64 = Debug|x64
		Debug|x86 = Debug|x86
		Release|x64 = Release|x64
		Release|x86 = Release|x86
	EndGlobalSection
	GlobalSection(ProjectConfigurationPlatforms) = postSolution
		{843EC2D0-133C-4D08-AFDC-A4EC8A5F5F37}.Debug|x64.ActiveCfg = Debug|x64
		{843EC2D0-133C-4D08-AFDC-A4EC8A5F5F37}.Debug|x64.Build.0 = Debug|x64
		{843EC2D0-133C-4D08-AFDC-A4EC8A5F5F37}.Debug|x86.ActiveCfg = Debug|Win32
		{843EC2D0-133C-4D08-AFDC-A4EC8A5F5F37}.Debug|x86.Build.0 = Debug|Win32
		{843EC2D0-133C-4D08-AFDC-A4EC8A5F5F37}.Release|x64.ActiveCfg = Release|x64
		{843EC2D0-133C-4D08-AFDC-A4EC8A5F5F37}.Release|x64.Build.0 = Release|x64
		{843EC2D0-133C-4D08-AFDC-A4EC8A5F5F37}.Release|x86.ActiveCfg = Release|Win32
		{843EC2D0-133C-4D08-AFDC-A4EC8A5F5F37}.Release|x86.Build.0 = Release|Win32
	EndGlobalSection
	GlobalSection(SolutionProperties) = preSolution
		HideSolutionNode = FALSE
	EndGlobalSection
	GlobalSection(ExtensibilityGlobals) = postSolution
		SolutionGuid = {AA7BECD0-55A4-4200-A5E5-496187DCA4D6}
	EndGlobalSection
EndGlobal
