
Microsoft Visual Studio Solution File, Format Version 12.00
# Visual Studio Version 17
VisualStudioVersion = 17.2.32616.157
MinimumVisualStudioVersion = 10.0.40219.1
Project("{8BC9CEB8-8B4A-11D0-8D11-00A0C91BC942}") = "ConsoleAppPE", "ConsoleAppPE\ConsoleAppPE.vcxproj", "{22CEC770-1F5C-4BD8-894B-3693B8CA991F}"
EndProject
Global
	GlobalSection(SolutionConfigurationPlatforms) = preSolution
		Debug|x64 = Debug|x64
		Debug|x86 = Debug|x86
		Release|x64 = Release|x64
		Release|x86 = Release|x86
	EndGlobalSection
	GlobalSection(ProjectConfigurationPlatforms) = postSolution
		{22CEC770-1F5C-4BD8-894B-3693B8CA991F}.Debug|x64.ActiveCfg = Debug|x64
		{22CEC770-1F5C-4BD8-894B-3693B8CA991F}.Debug|x64.Build.0 = Debug|x64
		{22CEC770-1F5C-4BD8-894B-3693B8CA991F}.Debug|x86.ActiveCfg = Debug|Win32
		{22CEC770-1F5C-4BD8-894B-3693B8CA991F}.Debug|x86.Build.0 = Debug|Win32
		{22CEC770-1F5C-4BD8-894B-3693B8CA991F}.Release|x64.ActiveCfg = Release|x64
		{22CEC770-1F5C-4BD8-894B-3693B8CA991F}.Release|x64.Build.0 = Release|x64
		{22CEC770-1F5C-4BD8-894B-3693B8CA991F}.Release|x86.ActiveCfg = Release|Win32
		{22CEC770-1F5C-4BD8-894B-3693B8CA991F}.Release|x86.Build.0 = Release|Win32
	EndGlobalSection
	GlobalSection(SolutionProperties) = preSolution
		HideSolutionNode = FALSE
	EndGlobalSection
	GlobalSection(ExtensibilityGlobals) = postSolution
		SolutionGuid = {F4E27EE7-2288-412E-883C-520507593E69}
	EndGlobalSection
EndGlobal
