<?xml version="1.0" encoding="utf-8"?>
<Project ToolsVersion="4.0" xmlns="http://schemas.microsoft.com/developer/msbuild/2003">
  <ItemGroup>
    <Filter Include="Source Files">
      <UniqueIdentifier>{4FC737F1-C7A5-4376-A066-2A32D752A2FF}</UniqueIdentifier>
      <Extensions>cpp;c;cc;cxx;def;odl;idl;hpj;bat;asm;asmx</Extensions>
    </Filter>
    <Filter Include="Header Files">
      <UniqueIdentifier>{93995380-89BD-4b04-88EB-625FBE52EBFB}</UniqueIdentifier>
      <Extensions>h;hpp;hxx;hm;inl;inc;xsd</Extensions>
    </Filter>
    <Filter Include="Resource Files">
      <UniqueIdentifier>{67DA6AB6-F800-4c08-8B7A-83BB121AAD01}</UniqueIdentifier>
      <Extensions>rc;ico;cur;bmp;dlg;rc2;rct;bin;rgs;gif;jpg;jpeg;jpe;resx;tiff;tif;png;wav;mfcribbon-ms</Extensions>
    </Filter>
    <Filter Include="Driver Files">
      <UniqueIdentifier>{8E41214B-6785-4CFE-B992-037D68949A14}</UniqueIdentifier>
      <Extensions>inf;inv;inx;mof;mc;</Extensions>
    </Filter>
    <Filter Include="进程保护">
      <UniqueIdentifier>{c82f940b-e493-4bbd-9dc3-17191d33ca93}</UniqueIdentifier>
    </Filter>
    <Filter Include="进程回调">
      <UniqueIdentifier>{6433864a-1cdc-4722-97bf-00e29d4d2b15}</UniqueIdentifier>
    </Filter>
    <Filter Include="内存读写">
      <UniqueIdentifier>{a233de8e-0b9f-4a72-ab99-c42c00040765}</UniqueIdentifier>
    </Filter>
    <Filter Include="提权">
      <UniqueIdentifier>{31cb1139-90c0-4661-901e-b7b9521f6760}</UniqueIdentifier>
    </Filter>
    <Filter Include="枚举信息">
      <UniqueIdentifier>{e0d1437b-eb94-4d82-8958-6ace99c00aff}</UniqueIdentifier>
    </Filter>
    <Filter Include="根据特征码搜索内存">
      <UniqueIdentifier>{2eadbd4e-ee56-4d7d-b201-900002a96d18}</UniqueIdentifier>
    </Filter>
    <Filter Include="DPC">
      <UniqueIdentifier>{ddde3e8d-2efb-4840-9463-93127c73053d}</UniqueIdentifier>
    </Filter>
    <Filter Include="工具">
      <UniqueIdentifier>{2fe4c2a5-b2f6-46a6-89ba-a28e4b77094b}</UniqueIdentifier>
    </Filter>
  </ItemGroup>
  <ItemGroup>
    <ClCompile Include="driver.c">
      <Filter>Source Files</Filter>
    </ClCompile>
    <ClCompile Include="processProtect.c">
      <Filter>进程保护</Filter>
    </ClCompile>
    <ClCompile Include="handle.c">
      <Filter>进程保护</Filter>
    </ClCompile>
    <ClCompile Include="processCallback.c">
      <Filter>进程回调</Filter>
    </ClCompile>
    <ClCompile Include="virtualMemoryRW.c">
      <Filter>内存读写</Filter>
    </ClCompile>
    <ClCompile Include="EnumObHandleHooks.c">
      <Filter>提权</Filter>
    </ClCompile>
    <ClCompile Include="enumSystemInfo.c">
      <Filter>枚举信息</Filter>
    </ClCompile>
    <ClCompile Include="enumDPC.c">
      <Filter>DPC</Filter>
    </ClCompile>
    <ClCompile Include="findCode.c">
      <Filter>根据特征码搜索内存</Filter>
    </ClCompile>
    <ClCompile Include="utils.c">
      <Filter>工具</Filter>
    </ClCompile>
  </ItemGroup>
  <ItemGroup>
    <ClInclude Include="processProtect.h">
      <Filter>进程保护</Filter>
    </ClInclude>
    <ClInclude Include="handle.h">
      <Filter>进程保护</Filter>
    </ClInclude>
    <ClInclude Include="processCallback.h">
      <Filter>进程回调</Filter>
    </ClInclude>
    <ClInclude Include="virtualMemoryRW.h">
      <Filter>内存读写</Filter>
    </ClInclude>
    <ClInclude Include="EnumObHandleHooks.h">
      <Filter>提权</Filter>
    </ClInclude>
    <ClInclude Include="enumSystemInfo.h">
      <Filter>枚举信息</Filter>
    </ClInclude>
    <ClInclude Include="findCode.h">
      <Filter>根据特征码搜索内存</Filter>
    </ClInclude>
    <ClInclude Include="enumDpc.h">
      <Filter>DPC</Filter>
    </ClInclude>
    <ClInclude Include="define.h">
      <Filter>Header Files</Filter>
    </ClInclude>
    <ClInclude Include="utils.h">
      <Filter>工具</Filter>
    </ClInclude>
  </ItemGroup>
</Project>