
Microsoft Visual Studio Solution File, Format Version 12.00
# Visual Studio Version 17
VisualStudioVersion = 17.2.32616.157
MinimumVisualStudioVersion = 10.0.40219.1
Project("{8BC9CEB8-8B4A-11D0-8D11-00A0C91BC942}") = "MyDriver1", "MyDriver1\MyDriver1.vcxproj", "{95329324-6A41-4ED7-BD8E-ED58E6ED77EF}"
EndProject
Global
	GlobalSection(SolutionConfigurationPlatforms) = preSolution
		Debug|ARM64 = Debug|ARM64
		Debug|x64 = Debug|x64
		Release|ARM64 = Release|ARM64
		Release|x64 = Release|x64
	EndGlobalSection
	GlobalSection(ProjectConfigurationPlatforms) = postSolution
		{95329324-6A41-4ED7-BD8E-ED58E6ED77EF}.Debug|ARM64.ActiveCfg = Debug|ARM64
		{95329324-6A41-4ED7-BD8E-ED58E6ED77EF}.Debug|ARM64.Build.0 = Debug|ARM64
		{95329324-6A41-4ED7-BD8E-ED58E6ED77EF}.Debug|ARM64.Deploy.0 = Debug|ARM64
		{95329324-6A41-4ED7-BD8E-ED58E6ED77EF}.Debug|x64.ActiveCfg = Debug|x64
		{95329324-6A41-4ED7-BD8E-ED58E6ED77EF}.Debug|x64.Build.0 = Debug|x64
		{95329324-6A41-4ED7-BD8E-ED58E6ED77EF}.Debug|x64.Deploy.0 = Debug|x64
		{95329324-6A41-4ED7-BD8E-ED58E6ED77EF}.Release|ARM64.ActiveCfg = Release|ARM64
		{95329324-6A41-4ED7-BD8E-ED58E6ED77EF}.Release|ARM64.Build.0 = Release|ARM64
		{95329324-6A41-4ED7-BD8E-ED58E6ED77EF}.Release|ARM64.Deploy.0 = Release|ARM64
		{95329324-6A41-4ED7-BD8E-ED58E6ED77EF}.Release|x64.ActiveCfg = Release|x64
		{95329324-6A41-4ED7-BD8E-ED58E6ED77EF}.Release|x64.Build.0 = Release|x64
		{95329324-6A41-4ED7-BD8E-ED58E6ED77EF}.Release|x64.Deploy.0 = Release|x64
	EndGlobalSection
	GlobalSection(SolutionProperties) = preSolution
		HideSolutionNode = FALSE
	EndGlobalSection
	GlobalSection(ExtensibilityGlobals) = postSolution
		SolutionGuid = {A47B00AC-4785-46CC-A9B4-961BD736B674}
	EndGlobalSection
EndGlobal
